
Microsoft Visual Studio Solution File, Format Version 12.00
# Visual Studio Version 16
VisualStudioVersion = 16.0.29911.84
MinimumVisualStudioVersion = 10.0.40219.1
Project("{FAE04EC0-301F-11D3-BF4B-00C04F79EFBC}") = "puttingBot", "puttingBot\puttingBot.csproj", "{38C04D43-44C5-4E56-B79E-306B63146F2C}"
EndProject
Global
	GlobalSection(SolutionConfigurationPlatforms) = preSolution
		Debug|Any CPU = Debug|Any CPU
		Release|Any CPU = Release|Any CPU
	EndGlobalSection
	GlobalSection(ProjectConfigurationPlatforms) = postSolution
		{38C04D43-44C5-4E56-B79E-306B63146F2C}.Debug|Any CPU.ActiveCfg = Debug|Any CPU
		{38C04D43-44C5-4E56-B79E-306B63146F2C}.Debug|Any CPU.Build.0 = Debug|Any CPU
		{38C04D43-44C5-4E56-B79E-306B63146F2C}.Release|Any CPU.ActiveCfg = Release|Any CPU
		{38C04D43-44C5-4E56-B79E-306B63146F2C}.Release|Any CPU.Build.0 = Release|Any CPU
	EndGlobalSection
	GlobalSection(SolutionProperties) = preSolution
		HideSolutionNode = FALSE
	EndGlobalSection
	GlobalSection(ExtensibilityGlobals) = postSolution
		SolutionGuid = {037C2B37-8E86-4051-8D1D-4E1469185F10}
	EndGlobalSection
EndGlobal
